
Microsoft Visual Studio Solution File, Format Version 12.00
# Visual Studio 15
Project("{FAE04EC0-301F-11D3-BF4B-00C04F79EFBC}") = "ShellFlyoutForms.Android", "ShellFlyoutForms.Android\ShellFlyoutForms.Android.csproj", "{0E9CFA75-220A-48E5-906B-49DAE045BDAB}"
EndProject
Project("{FAE04EC0-301F-11D3-BF4B-00C04F79EFBC}") = "ShellFlyoutForms.iOS", "ShellFlyoutForms.iOS\ShellFlyoutForms.iOS.csproj", "{CD84338E-DE95-48F6-B9AC-640DE3BFC701}"
EndProject
Project("{FAE04EC0-301F-11D3-BF4B-00C04F79EFBC}") = "ShellFlyoutForms", "ShellFlyoutForms\ShellFlyoutForms.csproj", "{4BD465AD-1877-4733-BFEC-08C7E2D0F7E5}"
EndProject
Global
	GlobalSection(SolutionConfigurationPlatforms) = preSolution
		Debug|Any CPU = Debug|Any CPU
		Release|Any CPU = Release|Any CPU
		Debug|iPhoneSimulator = Debug|iPhoneSimulator
		Release|iPhoneSimulator = Release|iPhoneSimulator
		Debug|iPhone = Debug|iPhone
		Release|iPhone = Release|iPhone
	EndGlobalSection
	GlobalSection(ProjectConfigurationPlatforms) = postSolution
		{0E9CFA75-220A-48E5-906B-49DAE045BDAB}.Debug|Any CPU.ActiveCfg = Debug|Any CPU
		{0E9CFA75-220A-48E5-906B-49DAE045BDAB}.Debug|Any CPU.Build.0 = Debug|Any CPU
		{0E9CFA75-220A-48E5-906B-49DAE045BDAB}.Release|Any CPU.ActiveCfg = Release|Any CPU
		{0E9CFA75-220A-48E5-906B-49DAE045BDAB}.Release|Any CPU.Build.0 = Release|Any CPU
		{0E9CFA75-220A-48E5-906B-49DAE045BDAB}.Debug|iPhoneSimulator.ActiveCfg = Debug|Any CPU
		{0E9CFA75-220A-48E5-906B-49DAE045BDAB}.Debug|iPhoneSimulator.Build.0 = Debug|Any CPU
		{0E9CFA75-220A-48E5-906B-49DAE045BDAB}.Release|iPhoneSimulator.ActiveCfg = Release|Any CPU
		{0E9CFA75-220A-48E5-906B-49DAE045BDAB}.Release|iPhoneSimulator.Build.0 = Release|Any CPU
		{0E9CFA75-220A-48E5-906B-49DAE045BDAB}.Debug|iPhone.ActiveCfg = Debug|Any CPU
		{0E9CFA75-220A-48E5-906B-49DAE045BDAB}.Debug|iPhone.Build.0 = Debug|Any CPU
		{0E9CFA75-220A-48E5-906B-49DAE045BDAB}.Release|iPhone.ActiveCfg = Release|Any CPU
		{0E9CFA75-220A-48E5-906B-49DAE045BDAB}.Release|iPhone.Build.0 = Release|Any CPU
		{CD84338E-DE95-48F6-B9AC-640DE3BFC701}.Debug|Any CPU.ActiveCfg = Debug|iPhoneSimulator
		{CD84338E-DE95-48F6-B9AC-640DE3BFC701}.Debug|Any CPU.Build.0 = Debug|iPhoneSimulator
		{CD84338E-DE95-48F6-B9AC-640DE3BFC701}.Release|Any CPU.ActiveCfg = Release|iPhoneSimulator
		{CD84338E-DE95-48F6-B9AC-640DE3BFC701}.Release|Any CPU.Build.0 = Release|iPhoneSimulator
		{CD84338E-DE95-48F6-B9AC-640DE3BFC701}.Debug|iPhoneSimulator.ActiveCfg = Debug|iPhoneSimulator
		{CD84338E-DE95-48F6-B9AC-640DE3BFC701}.Debug|iPhoneSimulator.Build.0 = Debug|iPhoneSimulator
		{CD84338E-DE95-48F6-B9AC-640DE3BFC701}.Release|iPhoneSimulator.ActiveCfg = Release|iPhoneSimulator
		{CD84338E-DE95-48F6-B9AC-640DE3BFC701}.Release|iPhoneSimulator.Build.0 = Release|iPhoneSimulator
		{CD84338E-DE95-48F6-B9AC-640DE3BFC701}.Debug|iPhone.ActiveCfg = Debug|iPhone
		{CD84338E-DE95-48F6-B9AC-640DE3BFC701}.Debug|iPhone.Build.0 = Debug|iPhone
		{CD84338E-DE95-48F6-B9AC-640DE3BFC701}.Release|iPhone.ActiveCfg = Release|iPhone
		{CD84338E-DE95-48F6-B9AC-640DE3BFC701}.Release|iPhone.Build.0 = Release|iPhone
		{4BD465AD-1877-4733-BFEC-08C7E2D0F7E5}.Debug|Any CPU.ActiveCfg = Debug|Any CPU
		{4BD465AD-1877-4733-BFEC-08C7E2D0F7E5}.Debug|Any CPU.Build.0 = Debug|Any CPU
		{4BD465AD-1877-4733-BFEC-08C7E2D0F7E5}.Release|Any CPU.ActiveCfg = Release|Any CPU
		{4BD465AD-1877-4733-BFEC-08C7E2D0F7E5}.Release|Any CPU.Build.0 = Release|Any CPU
		{4BD465AD-1877-4733-BFEC-08C7E2D0F7E5}.Debug|iPhoneSimulator.ActiveCfg = Debug|Any CPU
		{4BD465AD-1877-4733-BFEC-08C7E2D0F7E5}.Debug|iPhoneSimulator.Build.0 = Debug|Any CPU
		{4BD465AD-1877-4733-BFEC-08C7E2D0F7E5}.Release|iPhoneSimulator.ActiveCfg = Release|Any CPU
		{4BD465AD-1877-4733-BFEC-08C7E2D0F7E5}.Release|iPhoneSimulator.Build.0 = Release|Any CPU
		{4BD465AD-1877-4733-BFEC-08C7E2D0F7E5}.Debug|iPhone.ActiveCfg = Debug|Any CPU
		{4BD465AD-1877-4733-BFEC-08C7E2D0F7E5}.Debug|iPhone.Build.0 = Debug|Any CPU
		{4BD465AD-1877-4733-BFEC-08C7E2D0F7E5}.Release|iPhone.ActiveCfg = Release|Any CPU
		{4BD465AD-1877-4733-BFEC-08C7E2D0F7E5}.Release|iPhone.Build.0 = Release|Any CPU
	EndGlobalSection
EndGlobal
